
Microsoft Visual Studio Solution File, Format Version 12.00
# Visual Studio Version 16
VisualStudioVersion = 16.0.30413.136
MinimumVisualStudioVersion = 10.0.40219.1
Project("{FAE04EC0-301F-11D3-BF4B-00C04F79EFBC}") = "CarPark", "CarPark\CarPark.csproj", "{C916DB47-BE53-4844-858E-319536CA8B40}"
EndProject
Global
	GlobalSection(SolutionConfigurationPlatforms) = preSolution
		Debug|Any CPU = Debug|Any CPU
		Release|Any CPU = Release|Any CPU
	EndGlobalSection
	GlobalSection(ProjectConfigurationPlatforms) = postSolution
		{C916DB47-BE53-4844-858E-319536CA8B40}.Debug|Any CPU.ActiveCfg = Debug|Any CPU
		{C916DB47-BE53-4844-858E-319536CA8B40}.Debug|Any CPU.Build.0 = Debug|Any CPU
		{C916DB47-BE53-4844-858E-319536CA8B40}.Release|Any CPU.ActiveCfg = Release|Any CPU
		{C916DB47-BE53-4844-858E-319536CA8B40}.Release|Any CPU.Build.0 = Release|Any CPU
	EndGlobalSection
	GlobalSection(SolutionProperties) = preSolution
		HideSolutionNode = FALSE
	EndGlobalSection
	GlobalSection(ExtensibilityGlobals) = postSolution
		SolutionGuid = {341D8F9A-3D15-4E97-9811-FFA4477A5539}
	EndGlobalSection
EndGlobal
